// !$*UTF8*$!
{
	archiveVersion = 1;
	classes = {
	};
	objectVersion = 50;
	objects = {

/* Begin PBXBuildFile section */
		DD3515F02618FAFE0086F65B /* Fallacy.swift in Sources */ = {isa = PBXBuildFile; fileRef = DD3515EF2618FAFE0086F65B /* Fallacy.swift */; };
		DD3515F92618FBDF0086F65B /* FallacyData.swift in Sources */ = {isa = PBXBuildFile; fileRef = DD3515F82618FBDF0086F65B /* FallacyData.swift */; };
		DD372E7D2618AF7700323B0C /* DailyFallacyApp.swift in Sources */ = {isa = PBXBuildFile; fileRef = DD372E7C2618AF7700323B0C /* DailyFallacyApp.swift */; };
		DD372E7F2618AF7700323B0C /* ContentView.swift in Sources */ = {isa = PBXBuildFile; fileRef = DD372E7E2618AF7700323B0C /* ContentView.swift */; };
		DD372E812618AF7900323B0C /* Assets.xcassets in Resources */ = {isa = PBXBuildFile; fileRef = DD372E802618AF7900323B0C /* Assets.xcassets */; };
		DD372E842618AF7900323B0C /* Preview Assets.xcassets in Resources */ = {isa = PBXBuildFile; fileRef = DD372E832618AF7900323B0C /* Preview Assets.xcassets */; };
		DD372E942618AF7A00323B0C /* DailyFallacyTests.swift in Sources */ = {isa = PBXBuildFile; fileRef = DD372E932618AF7A00323B0C /* DailyFallacyTests.swift */; };
		DD372E9F2618AF7A00323B0C /* DailyFallacyUITests.swift in Sources */ = {isa = PBXBuildFile; fileRef = DD372E9E2618AF7A00323B0C /* DailyFallacyUITests.swift */; };
		DD393CB52620EFF600EC3F96 /* Category.swift in Sources */ = {isa = PBXBuildFile; fileRef = DD393CB42620EFF600EC3F96 /* Category.swift */; };
		DD393CBA2620F2A500EC3F96 /* CategoryData.swift in Sources */ = {isa = PBXBuildFile; fileRef = DD393CB92620F2A500EC3F96 /* CategoryData.swift */; };
		DD393CBF2620F6AE00EC3F96 /* CategoryView.swift in Sources */ = {isa = PBXBuildFile; fileRef = DD393CBE2620F6AE00EC3F96 /* CategoryView.swift */; };
		DD3BF16C261A0D7400FBDE77 /* FallacyRowView.swift in Sources */ = {isa = PBXBuildFile; fileRef = DD3BF16B261A0D7400FBDE77 /* FallacyRowView.swift */; };
		DD3BF174261A17DE00FBDE77 /* FallacyDetailView.swift in Sources */ = {isa = PBXBuildFile; fileRef = DD3BF173261A17DE00FBDE77 /* FallacyDetailView.swift */; };
		DD3BF17C261A34B700FBDE77 /* ExampleBubble.swift in Sources */ = {isa = PBXBuildFile; fileRef = DD3BF17B261A34B700FBDE77 /* ExampleBubble.swift */; };
		DD3BF181261A381300FBDE77 /* FallacyHeaderView.swift in Sources */ = {isa = PBXBuildFile; fileRef = DD3BF180261A381300FBDE77 /* FallacyHeaderView.swift */; };
		DD3BF186261A489400FBDE77 /* SettingsView.swift in Sources */ = {isa = PBXBuildFile; fileRef = DD3BF185261A489400FBDE77 /* SettingsView.swift */; };
		DD3BF18E261EE64F00FBDE77 /* FallacyShowView.swift in Sources */ = {isa = PBXBuildFile; fileRef = DD3BF18D261EE64F00FBDE77 /* FallacyShowView.swift */; };
		DD3BF199261F3B5000FBDE77 /* AnswerBubble.swift in Sources */ = {isa = PBXBuildFile; fileRef = DD3BF198261F3B5000FBDE77 /* AnswerBubble.swift */; };
		DD428CED2618B33B003AA614 /* FallacyView.swift in Sources */ = {isa = PBXBuildFile; fileRef = DD428CEC2618B33B003AA614 /* FallacyView.swift */; };
/* End PBXBuildFile section */

/* Begin PBXContainerItemProxy section */
		DD372E902618AF7A00323B0C /* PBXContainerItemProxy */ = {
			isa = PBXContainerItemProxy;
			containerPortal = DD372E712618AF7700323B0C /* Project object */;
			proxyType = 1;
			remoteGlobalIDString = DD372E782618AF7700323B0C;
			remoteInfo = DailyFallacy;
		};
		DD372E9B2618AF7A00323B0C /* PBXContainerItemProxy */ = {
			isa = PBXContainerItemProxy;
			containerPortal = DD372E712618AF7700323B0C /* Project object */;
			proxyType = 1;
			remoteGlobalIDString = DD372E782618AF7700323B0C;
			remoteInfo = DailyFallacy;
		};
/* End PBXContainerItemProxy section */

/* Begin PBXFileReference section */
		DD3515EF2618FAFE0086F65B /* Fallacy.swift */ = {isa = PBXFileReference; lastKnownFileType = sourcecode.swift; path = Fallacy.swift; sourceTree = "<group>"; };
		DD3515F82618FBDF0086F65B /* FallacyData.swift */ = {isa = PBXFileReference; lastKnownFileType = sourcecode.swift; path = FallacyData.swift; sourceTree = "<group>"; };
		DD372E792618AF7700323B0C /* DailyFallacy.app */ = {isa = PBXFileReference; explicitFileType = wrapper.application; includeInIndex = 0; path = DailyFallacy.app; sourceTree = BUILT_PRODUCTS_DIR; };
		DD372E7C2618AF7700323B0C /* DailyFallacyApp.swift */ = {isa = PBXFileReference; lastKnownFileType = sourcecode.swift; path = DailyFallacyApp.swift; sourceTree = "<group>"; };
		DD372E7E2618AF7700323B0C /* ContentView.swift */ = {isa = PBXFileReference; lastKnownFileType = sourcecode.swift; path = ContentView.swift; sourceTree = "<group>"; };
		DD372E802618AF7900323B0C /* Assets.xcassets */ = {isa = PBXFileReference; lastKnownFileType = folder.assetcatalog; path = Assets.xcassets; sourceTree = "<group>"; };
		DD372E832618AF7900323B0C /* Preview Assets.xcassets */ = {isa = PBXFileReference; lastKnownFileType = folder.assetcatalog; path = "Preview Assets.xcassets"; sourceTree = "<group>"; };
		DD372E8A2618AF7900323B0C /* Info.plist */ = {isa = PBXFileReference; lastKnownFileType = text.plist.xml; path = Info.plist; sourceTree = "<group>"; };
		DD372E8F2618AF7A00323B0C /* DailyFallacyTests.xctest */ = {isa = PBXFileReference; explicitFileType = wrapper.cfbundle; includeInIndex = 0; path = DailyFallacyTests.xctest; sourceTree = BUILT_PRODUCTS_DIR; };
		DD372E932618AF7A00323B0C /* DailyFallacyTests.swift */ = {isa = PBXFileReference; lastKnownFileType = sourcecode.swift; path = DailyFallacyTests.swift; sourceTree = "<group>"; };
		DD372E952618AF7A00323B0C /* Info.plist */ = {isa = PBXFileReference; lastKnownFileType = text.plist.xml; path = Info.plist; sourceTree = "<group>"; };
		DD372E9A2618AF7A00323B0C /* DailyFallacyUITests.xctest */ = {isa = PBXFileReference; explicitFileType = wrapper.cfbundle; includeInIndex = 0; path = DailyFallacyUITests.xctest; sourceTree = BUILT_PRODUCTS_DIR; };
		DD372E9E2618AF7A00323B0C /* DailyFallacyUITests.swift */ = {isa = PBXFileReference; lastKnownFileType = sourcecode.swift; path = DailyFallacyUITests.swift; sourceTree = "<group>"; };
		DD372EA02618AF7A00323B0C /* Info.plist */ = {isa = PBXFileReference; lastKnownFileType = text.plist.xml; path = Info.plist; sourceTree = "<group>"; };
		DD393CB42620EFF600EC3F96 /* Category.swift */ = {isa = PBXFileReference; lastKnownFileType = sourcecode.swift; path = Category.swift; sourceTree = "<group>"; };
		DD393CB92620F2A500EC3F96 /* CategoryData.swift */ = {isa = PBXFileReference; lastKnownFileType = sourcecode.swift; path = CategoryData.swift; sourceTree = "<group>"; };
		DD393CBE2620F6AE00EC3F96 /* CategoryView.swift */ = {isa = PBXFileReference; lastKnownFileType = sourcecode.swift; path = CategoryView.swift; sourceTree = "<group>"; };
		DD3BF16B261A0D7400FBDE77 /* FallacyRowView.swift */ = {isa = PBXFileReference; lastKnownFileType = sourcecode.swift; path = FallacyRowView.swift; sourceTree = "<group>"; };
		DD3BF173261A17DE00FBDE77 /* FallacyDetailView.swift */ = {isa = PBXFileReference; lastKnownFileType = sourcecode.swift; path = FallacyDetailView.swift; sourceTree = "<group>"; };
		DD3BF17B261A34B700FBDE77 /* ExampleBubble.swift */ = {isa = PBXFileReference; lastKnownFileType = sourcecode.swift; path = ExampleBubble.swift; sourceTree = "<group>"; };
		DD3BF180261A381300FBDE77 /* FallacyHeaderView.swift */ = {isa = PBXFileReference; lastKnownFileType = sourcecode.swift; path = FallacyHeaderView.swift; sourceTree = "<group>"; };
		DD3BF185261A489400FBDE77 /* SettingsView.swift */ = {isa = PBXFileReference; lastKnownFileType = sourcecode.swift; path = SettingsView.swift; sourceTree = "<group>"; };
		DD3BF18D261EE64F00FBDE77 /* FallacyShowView.swift */ = {isa = PBXFileReference; lastKnownFileType = sourcecode.swift; path = FallacyShowView.swift; sourceTree = "<group>"; };
		DD3BF198261F3B5000FBDE77 /* AnswerBubble.swift */ = {isa = PBXFileReference; lastKnownFileType = sourcecode.swift; path = AnswerBubble.swift; sourceTree = "<group>"; };
		DD428CEC2618B33B003AA614 /* FallacyView.swift */ = {isa = PBXFileReference; lastKnownFileType = sourcecode.swift; path = FallacyView.swift; sourceTree = "<group>"; };
/* End PBXFileReference section */

/* Begin PBXFrameworksBuildPhase section */
		DD372E762618AF7700323B0C /* Frameworks */ = {
			isa = PBXFrameworksBuildPhase;
			buildActionMask = 2147483647;
			files = (
			);
			runOnlyForDeploymentPostprocessing = 0;
		};
		DD372E8C2618AF7A00323B0C /* Frameworks */ = {
			isa = PBXFrameworksBuildPhase;
			buildActionMask = 2147483647;
			files = (
			);
			runOnlyForDeploymentPostprocessing = 0;
		};
		DD372E972618AF7A00323B0C /* Frameworks */ = {
			isa = PBXFrameworksBuildPhase;
			buildActionMask = 2147483647;
			files = (
			);
			runOnlyForDeploymentPostprocessing = 0;
		};
/* End PBXFrameworksBuildPhase section */

/* Begin PBXGroup section */
		DD3515EE2618FAEE0086F65B /* Models */ = {
			isa = PBXGroup;
			children = (
				DD3515EF2618FAFE0086F65B /* Fallacy.swift */,
				DD393CB42620EFF600EC3F96 /* Category.swift */,
			);
			name = Models;
			sourceTree = "<group>";
		};
		DD3515F72618FBC30086F65B /* Data */ = {
			isa = PBXGroup;
			children = (
				DD3515F82618FBDF0086F65B /* FallacyData.swift */,
				DD393CB92620F2A500EC3F96 /* CategoryData.swift */,
			);
			name = Data;
			sourceTree = "<group>";
		};
		DD372E702618AF7700323B0C = {
			isa = PBXGroup;
			children = (
				DD372E7B2618AF7700323B0C /* DailyFallacy */,
				DD372E922618AF7A00323B0C /* DailyFallacyTests */,
				DD372E9D2618AF7A00323B0C /* DailyFallacyUITests */,
				DD372E7A2618AF7700323B0C /* Products */,
			);
			sourceTree = "<group>";
		};
		DD372E7A2618AF7700323B0C /* Products */ = {
			isa = PBXGroup;
			children = (
				DD372E792618AF7700323B0C /* DailyFallacy.app */,
				DD372E8F2618AF7A00323B0C /* DailyFallacyTests.xctest */,
				DD372E9A2618AF7A00323B0C /* DailyFallacyUITests.xctest */,
			);
			name = Products;
			sourceTree = "<group>";
		};
		DD372E7B2618AF7700323B0C /* DailyFallacy */ = {
			isa = PBXGroup;
			children = (
				DD3515F72618FBC30086F65B /* Data */,
				DD3515EE2618FAEE0086F65B /* Models */,
				DD428CEB2618B2FE003AA614 /* View */,
				DD428CEA2618B2F7003AA614 /* App */,
				DD372E802618AF7900323B0C /* Assets.xcassets */,
				DD372E8A2618AF7900323B0C /* Info.plist */,
				DD372E822618AF7900323B0C /* Preview Content */,
			);
			path = DailyFallacy;
			sourceTree = "<group>";
		};
		DD372E822618AF7900323B0C /* Preview Content */ = {
			isa = PBXGroup;
			children = (
				DD372E832618AF7900323B0C /* Preview Assets.xcassets */,
			);
			path = "Preview Content";
			sourceTree = "<group>";
		};
		DD372E922618AF7A00323B0C /* DailyFallacyTests */ = {
			isa = PBXGroup;
			children = (
				DD372E932618AF7A00323B0C /* DailyFallacyTests.swift */,
				DD372E952618AF7A00323B0C /* Info.plist */,
			);
			path = DailyFallacyTests;
			sourceTree = "<group>";
		};
		DD372E9D2618AF7A00323B0C /* DailyFallacyUITests */ = {
			isa = PBXGroup;
			children = (
				DD372E9E2618AF7A00323B0C /* DailyFallacyUITests.swift */,
				DD372EA02618AF7A00323B0C /* Info.plist */,
			);
			path = DailyFallacyUITests;
			sourceTree = "<group>";
		};
		DD428CEA2618B2F7003AA614 /* App */ = {
			isa = PBXGroup;
			children = (
				DD372E7E2618AF7700323B0C /* ContentView.swift */,
				DD372E7C2618AF7700323B0C /* DailyFallacyApp.swift */,
			);
			name = App;
			sourceTree = "<group>";
		};
		DD428CEB2618B2FE003AA614 /* View */ = {
			isa = PBXGroup;
			children = (
				DD428CEC2618B33B003AA614 /* FallacyView.swift */,
				DD3BF16B261A0D7400FBDE77 /* FallacyRowView.swift */,
				DD3BF173261A17DE00FBDE77 /* FallacyDetailView.swift */,
				DD393CBE2620F6AE00EC3F96 /* CategoryView.swift */,
				DD3BF185261A489400FBDE77 /* SettingsView.swift */,
				DD3BF18D261EE64F00FBDE77 /* FallacyShowView.swift */,
				DD3BF180261A381300FBDE77 /* FallacyHeaderView.swift */,
				DD3BF17B261A34B700FBDE77 /* ExampleBubble.swift */,
				DD3BF198261F3B5000FBDE77 /* AnswerBubble.swift */,
			);
			name = View;
			sourceTree = "<group>";
		};
/* End PBXGroup section */

/* Begin PBXNativeTarget section */
		DD372E782618AF7700323B0C /* DailyFallacy */ = {
			isa = PBXNativeTarget;
			buildConfigurationList = DD372EA32618AF7A00323B0C /* Build configuration list for PBXNativeTarget "DailyFallacy" */;
			buildPhases = (
				DD372E752618AF7700323B0C /* Sources */,
				DD372E762618AF7700323B0C /* Frameworks */,
				DD372E772618AF7700323B0C /* Resources */,
			);
			buildRules = (
			);
			dependencies = (
			);
			name = DailyFallacy;
			productName = DailyFallacy;
			productReference = DD372E792618AF7700323B0C /* DailyFallacy.app */;
			productType = "com.apple.product-type.application";
		};
		DD372E8E2618AF7A00323B0C /* DailyFallacyTests */ = {
			isa = PBXNativeTarget;
			buildConfigurationList = DD372EA62618AF7A00323B0C /* Build configuration list for PBXNativeTarget "DailyFallacyTests" */;
			buildPhases = (
				DD372E8B2618AF7A00323B0C /* Sources */,
				DD372E8C2618AF7A00323B0C /* Frameworks */,
				DD372E8D2618AF7A00323B0C /* Resources */,
			);
			buildRules = (
			);
			dependencies = (
				DD372E912618AF7A00323B0C /* PBXTargetDependency */,
			);
			name = DailyFallacyTests;
			productName = DailyFallacyTests;
			productReference = DD372E8F2618AF7A00323B0C /* DailyFallacyTests.xctest */;
			productType = "com.apple.product-type.bundle.unit-test";
		};
		DD372E992618AF7A00323B0C /* DailyFallacyUITests */ = {
			isa = PBXNativeTarget;
			buildConfigurationList = DD372EA92618AF7A00323B0C /* Build configuration list for PBXNativeTarget "DailyFallacyUITests" */;
			buildPhases = (
				DD372E962618AF7A00323B0C /* Sources */,
				DD372E972618AF7A00323B0C /* Frameworks */,
				DD372E982618AF7A00323B0C /* Resources */,
			);
			buildRules = (
			);
			dependencies = (
				DD372E9C2618AF7A00323B0C /* PBXTargetDependency */,
			);
			name = DailyFallacyUITests;
			productName = DailyFallacyUITests;
			productReference = DD372E9A2618AF7A00323B0C /* DailyFallacyUITests.xctest */;
			productType = "com.apple.product-type.bundle.ui-testing";
		};
/* End PBXNativeTarget section */

/* Begin PBXProject section */
		DD372E712618AF7700323B0C /* Project object */ = {
			isa = PBXProject;
			attributes = {
				LastSwiftUpdateCheck = 1220;
				LastUpgradeCheck = 1220;
				TargetAttributes = {
					DD372E782618AF7700323B0C = {
						CreatedOnToolsVersion = 12.2;
					};
					DD372E8E2618AF7A00323B0C = {
						CreatedOnToolsVersion = 12.2;
						TestTargetID = DD372E782618AF7700323B0C;
					};
					DD372E992618AF7A00323B0C = {
						CreatedOnToolsVersion = 12.2;
						TestTargetID = DD372E782618AF7700323B0C;
					};
				};
			};
			buildConfigurationList = DD372E742618AF7700323B0C /* Build configuration list for PBXProject "DailyFallacy" */;
			compatibilityVersion = "Xcode 9.3";
			developmentRegion = en;
			hasScannedForEncodings = 0;
			knownRegions = (
				en,
				Base,
			);
			mainGroup = DD372E702618AF7700323B0C;
			productRefGroup = DD372E7A2618AF7700323B0C /* Products */;
			projectDirPath = "";
			projectRoot = "";
			targets = (
				DD372E782618AF7700323B0C /* DailyFallacy */,
				DD372E8E2618AF7A00323B0C /* DailyFallacyTests */,
				DD372E992618AF7A00323B0C /* DailyFallacyUITests */,
			);
		};
/* End PBXProject section */

/* Begin PBXResourcesBuildPhase section */
		DD372E772618AF7700323B0C /* Resources */ = {
			isa = PBXResourcesBuildPhase;
			buildActionMask = 2147483647;
			files = (
				DD372E842618AF7900323B0C /* Preview Assets.xcassets in Resources */,
				DD372E812618AF7900323B0C /* Assets.xcassets in Resources */,
			);
			runOnlyForDeploymentPostprocessing = 0;
		};
		DD372E8D2618AF7A00323B0C /* Resources */ = {
			isa = PBXResourcesBuildPhase;
			buildActionMask = 2147483647;
			files = (
			);
			runOnlyForDeploymentPostprocessing = 0;
		};
		DD372E982618AF7A00323B0C /* Resources */ = {
			isa = PBXResourcesBuildPhase;
			buildActionMask = 2147483647;
			files = (
			);
			runOnlyForDeploymentPostprocessing = 0;
		};
/* End PBXResourcesBuildPhase section */

/* Begin PBXSourcesBuildPhase section */
		DD372E752618AF7700323B0C /* Sources */ = {
			isa = PBXSourcesBuildPhase;
			buildActionMask = 2147483647;
			files = (
				DD3BF16C261A0D7400FBDE77 /* FallacyRowView.swift in Sources */,
				DD393CBA2620F2A500EC3F96 /* CategoryData.swift in Sources */,
				DD3515F02618FAFE0086F65B /* Fallacy.swift in Sources */,
				DD3BF181261A381300FBDE77 /* FallacyHeaderView.swift in Sources */,
				DD3BF174261A17DE00FBDE77 /* FallacyDetailView.swift in Sources */,
				DD3BF17C261A34B700FBDE77 /* ExampleBubble.swift in Sources */,
				DD3BF18E261EE64F00FBDE77 /* FallacyShowView.swift in Sources */,
				DD428CED2618B33B003AA614 /* FallacyView.swift in Sources */,
				DD372E7F2618AF7700323B0C /* ContentView.swift in Sources */,
				DD372E7D2618AF7700323B0C /* DailyFallacyApp.swift in Sources */,
				DD393CB52620EFF600EC3F96 /* Category.swift in Sources */,
				DD3BF199261F3B5000FBDE77 /* AnswerBubble.swift in Sources */,
				DD3515F92618FBDF0086F65B /* FallacyData.swift in Sources */,
				DD3BF186261A489400FBDE77 /* SettingsView.swift in Sources */,
				DD393CBF2620F6AE00EC3F96 /* CategoryView.swift in Sources */,
			);
			runOnlyForDeploymentPostprocessing = 0;
		};
		DD372E8B2618AF7A00323B0C /* Sources */ = {
			isa = PBXSourcesBuildPhase;
			buildActionMask = 2147483647;
			files = (
				DD372E942618AF7A00323B0C /* DailyFallacyTests.swift in Sources */,
			);
			runOnlyForDeploymentPostprocessing = 0;
		};
		DD372E962618AF7A00323B0C /* Sources */ = {
			isa = PBXSourcesBuildPhase;
			buildActionMask = 2147483647;
			files = (
				DD372E9F2618AF7A00323B0C /* DailyFallacyUITests.swift in Sources */,
			);
			runOnlyForDeploymentPostprocessing = 0;
		};
/* End PBXSourcesBuildPhase section */

/* Begin PBXTargetDependency section */
		DD372E912618AF7A00323B0C /* PBXTargetDependency */ = {
			isa = PBXTargetDependency;
			target = DD372E782618AF7700323B0C /* DailyFallacy */;
			targetProxy = DD372E902618AF7A00323B0C /* PBXContainerItemProxy */;
		};
		DD372E9C2618AF7A00323B0C /* PBXTargetDependency */ = {
			isa = PBXTargetDependency;
			target = DD372E782618AF7700323B0C /* DailyFallacy */;
			targetProxy = DD372E9B2618AF7A00323B0C /* PBXContainerItemProxy */;
		};
/* End PBXTargetDependency section */

/* Begin XCBuildConfiguration section */
		DD372EA12618AF7A00323B0C /* Debug */ = {
			isa = XCBuildConfiguration;
			buildSettings = {
				ALWAYS_SEARCH_USER_PATHS = NO;
				CLANG_ANALYZER_NONNULL = YES;
				CLANG_ANALYZER_NUMBER_OBJECT_CONVERSION = YES_AGGRESSIVE;
				CLANG_CXX_LANGUAGE_STANDARD = "gnu++14";
				CLANG_CXX_LIBRARY = "libc++";
				CLANG_ENABLE_MODULES = YES;
				CLANG_ENABLE_OBJC_ARC = YES;
				CLANG_ENABLE_OBJC_WEAK = YES;
				CLANG_WARN_BLOCK_CAPTURE_AUTORELEASING = YES;
				CLANG_WARN_BOOL_CONVERSION = YES;
				CLANG_WARN_COMMA = YES;
				CLANG_WARN_CONSTANT_CONVERSION = YES;
				CLANG_WARN_DEPRECATED_OBJC_IMPLEMENTATIONS = YES;
				CLANG_WARN_DIRECT_OBJC_ISA_USAGE = YES_ERROR;
				CLANG_WARN_DOCUMENTATION_COMMENTS = YES;
				CLANG_WARN_EMPTY_BODY = YES;
				CLANG_WARN_ENUM_CONVERSION = YES;
				CLANG_WARN_INFINITE_RECURSION = YES;
				CLANG_WARN_INT_CONVERSION = YES;
				CLANG_WARN_NON_LITERAL_NULL_CONVERSION = YES;
				CLANG_WARN_OBJC_IMPLICIT_RETAIN_SELF = YES;
				CLANG_WARN_OBJC_LITERAL_CONVERSION = YES;
				CLANG_WARN_OBJC_ROOT_CLASS = YES_ERROR;
				CLANG_WARN_QUOTED_INCLUDE_IN_FRAMEWORK_HEADER = YES;
				CLANG_WARN_RANGE_LOOP_ANALYSIS = YES;
				CLANG_WARN_STRICT_PROTOTYPES = YES;
				CLANG_WARN_SUSPICIOUS_MOVE = YES;
				CLANG_WARN_UNGUARDED_AVAILABILITY = YES_AGGRESSIVE;
				CLANG_WARN_UNREACHABLE_CODE = YES;
				CLANG_WARN__DUPLICATE_METHOD_MATCH = YES;
				COPY_PHASE_STRIP = NO;
				DEBUG_INFORMATION_FORMAT = dwarf;
				ENABLE_STRICT_OBJC_MSGSEND = YES;
				ENABLE_TESTABILITY = YES;
				GCC_C_LANGUAGE_STANDARD = gnu11;
				GCC_DYNAMIC_NO_PIC = NO;
				GCC_NO_COMMON_BLOCKS = YES;
				GCC_OPTIMIZATION_LEVEL = 0;
				GCC_PREPROCESSOR_DEFINITIONS = (
					"DEBUG=1",
					"$(inherited)",
				);
				GCC_WARN_64_TO_32_BIT_CONVERSION = YES;
				GCC_WARN_ABOUT_RETURN_TYPE = YES_ERROR;
				GCC_WARN_UNDECLARED_SELECTOR = YES;
				GCC_WARN_UNINITIALIZED_AUTOS = YES_AGGRESSIVE;
				GCC_WARN_UNUSED_FUNCTION = YES;
				GCC_WARN_UNUSED_VARIABLE = YES;
				IPHONEOS_DEPLOYMENT_TARGET = 14.2;
				MTL_ENABLE_DEBUG_INFO = INCLUDE_SOURCE;
				MTL_FAST_MATH = YES;
				ONLY_ACTIVE_ARCH = YES;
				SDKROOT = iphoneos;
				SWIFT_ACTIVE_COMPILATION_CONDITIONS = DEBUG;
				SWIFT_OPTIMIZATION_LEVEL = "-Onone";
			};
			name = Debug;
		};
		DD372EA22618AF7A00323B0C /* Release */ = {
			isa = XCBuildConfiguration;
			buildSettings = {
				ALWAYS_SEARCH_USER_PATHS = NO;
				CLANG_ANALYZER_NONNULL = YES;
				CLANG_ANALYZER_NUMBER_OBJECT_CONVERSION = YES_AGGRESSIVE;
				CLANG_CXX_LANGUAGE_STANDARD = "gnu++14";
				CLANG_CXX_LIBRARY = "libc++";
				CLANG_ENABLE_MODULES = YES;
				CLANG_ENABLE_OBJC_ARC = YES;
				CLANG_ENABLE_OBJC_WEAK = YES;
				CLANG_WARN_BLOCK_CAPTURE_AUTORELEASING = YES;
				CLANG_WARN_BOOL_CONVERSION = YES;
				CLANG_WARN_COMMA = YES;
				CLANG_WARN_CONSTANT_CONVERSION = YES;
				CLANG_WARN_DEPRECATED_OBJC_IMPLEMENTATIONS = YES;
				CLANG_WARN_DIRECT_OBJC_ISA_USAGE = YES_ERROR;
				CLANG_WARN_DOCUMENTATION_COMMENTS = YES;
				CLANG_WARN_EMPTY_BODY = YES;
				CLANG_WARN_ENUM_CONVERSION = YES;
				CLANG_WARN_INFINITE_RECURSION = YES;
				CLANG_WARN_INT_CONVERSION = YES;
				CLANG_WARN_NON_LITERAL_NULL_CONVERSION = YES;
				CLANG_WARN_OBJC_IMPLICIT_RETAIN_SELF = YES;
				CLANG_WARN_OBJC_LITERAL_CONVERSION = YES;
				CLANG_WARN_OBJC_ROOT_CLASS = YES_ERROR;
				CLANG_WARN_QUOTED_INCLUDE_IN_FRAMEWORK_HEADER = YES;
				CLANG_WARN_RANGE_LOOP_ANALYSIS = YES;
				CLANG_WARN_STRICT_PROTOTYPES = YES;
				CLANG_WARN_SUSPICIOUS_MOVE = YES;
				CLANG_WARN_UNGUARDED_AVAILABILITY = YES_AGGRESSIVE;
				CLANG_WARN_UNREACHABLE_CODE = YES;
				CLANG_WARN__DUPLICATE_METHOD_MATCH = YES;
				COPY_PHASE_STRIP = NO;
				DEBUG_INFORMATION_FORMAT = "dwarf-with-dsym";
				ENABLE_NS_ASSERTIONS = NO;
				ENABLE_STRICT_OBJC_MSGSEND = YES;
				GCC_C_LANGUAGE_STANDARD = gnu11;
				GCC_NO_COMMON_BLOCKS = YES;
				GCC_WARN_64_TO_32_BIT_CONVERSION = YES;
				GCC_WARN_ABOUT_RETURN_TYPE = YES_ERROR;
				GCC_WARN_UNDECLARED_SELECTOR = YES;
				GCC_WARN_UNINITIALIZED_AUTOS = YES_AGGRESSIVE;
				GCC_WARN_UNUSED_FUNCTION = YES;
				GCC_WARN_UNUSED_VARIABLE = YES;
				IPHONEOS_DEPLOYMENT_TARGET = 14.2;
				MTL_ENABLE_DEBUG_INFO = NO;
				MTL_FAST_MATH = YES;
				SDKROOT = iphoneos;
				SWIFT_COMPILATION_MODE = wholemodule;
				SWIFT_OPTIMIZATION_LEVEL = "-O";
				VALIDATE_PRODUCT = YES;
			};
			name = Release;
		};
		DD372EA42618AF7A00323B0C /* Debug */ = {
			isa = XCBuildConfiguration;
			buildSettings = {
				ASSETCATALOG_COMPILER_APPICON_NAME = AppIcon;
				ASSETCATALOG_COMPILER_GLOBAL_ACCENT_COLOR_NAME = AccentColor;
				CODE_SIGN_STYLE = Automatic;
				DEVELOPMENT_ASSET_PATHS = "\"DailyFallacy/Preview Content\"";
				DEVELOPMENT_TEAM = PVDY5Z4W69;
				ENABLE_PREVIEWS = YES;
				INFOPLIST_FILE = DailyFallacy/Info.plist;
				IPHONEOS_DEPLOYMENT_TARGET = 14.0;
				LD_RUNPATH_SEARCH_PATHS = (
					"$(inherited)",
					"@executable_path/Frameworks",
				);
				PRODUCT_BUNDLE_IDENTIFIER = com.anniina.DailyFallacy;
				PRODUCT_NAME = "$(TARGET_NAME)";
				SWIFT_VERSION = 5.0;
				TARGETED_DEVICE_FAMILY = "1,2";
			};
			name = Debug;
		};
		DD372EA52618AF7A00323B0C /* Release */ = {
			isa = XCBuildConfiguration;
			buildSettings = {
				ASSETCATALOG_COMPILER_APPICON_NAME = AppIcon;
				ASSETCATALOG_COMPILER_GLOBAL_ACCENT_COLOR_NAME = AccentColor;
				CODE_SIGN_STYLE = Automatic;
				DEVELOPMENT_ASSET_PATHS = "\"DailyFallacy/Preview Content\"";
				DEVELOPMENT_TEAM = PVDY5Z4W69;
				ENABLE_PREVIEWS = YES;
				INFOPLIST_FILE = DailyFallacy/Info.plist;
				IPHONEOS_DEPLOYMENT_TARGET = 14.0;
				LD_RUNPATH_SEARCH_PATHS = (
					"$(inherited)",
					"@executable_path/Frameworks",
				);
				PRODUCT_BUNDLE_IDENTIFIER = com.anniina.DailyFallacy;
				PRODUCT_NAME = "$(TARGET_NAME)";
				SWIFT_VERSION = 5.0;
				TARGETED_DEVICE_FAMILY = "1,2";
			};
			name = Release;
		};
		DD372EA72618AF7A00323B0C /* Debug */ = {
			isa = XCBuildConfiguration;
			buildSettings = {
				ALWAYS_EMBED_SWIFT_STANDARD_LIBRARIES = YES;
				BUNDLE_LOADER = "$(TEST_HOST)";
				CODE_SIGN_STYLE = Automatic;
				DEVELOPMENT_TEAM = PVDY5Z4W69;
				INFOPLIST_FILE = DailyFallacyTests/Info.plist;
				IPHONEOS_DEPLOYMENT_TARGET = 14.0;
				LD_RUNPATH_SEARCH_PATHS = (
					"$(inherited)",
					"@executable_path/Frameworks",
					"@loader_path/Frameworks",
				);
				PRODUCT_BUNDLE_IDENTIFIER = com.anniina.DailyFallacyTests;
				PRODUCT_NAME = "$(TARGET_NAME)";
				SWIFT_VERSION = 5.0;
				TARGETED_DEVICE_FAMILY = "1,2";
				TEST_HOST = "$(BUILT_PRODUCTS_DIR)/DailyFallacy.app/DailyFallacy";
			};
			name = Debug;
		};
		DD372EA82618AF7A00323B0C /* Release */ = {
			isa = XCBuildConfiguration;
			buildSettings = {
				ALWAYS_EMBED_SWIFT_STANDARD_LIBRARIES = YES;
				BUNDLE_LOADER = "$(TEST_HOST)";
				CODE_SIGN_STYLE = Automatic;
				DEVELOPMENT_TEAM = PVDY5Z4W69;
				INFOPLIST_FILE = DailyFallacyTests/Info.plist;
				IPHONEOS_DEPLOYMENT_TARGET = 14.0;
				LD_RUNPATH_SEARCH_PATHS = (
					"$(inherited)",
					"@executable_path/Frameworks",
					"@loader_path/Frameworks",
				);
				PRODUCT_BUNDLE_IDENTIFIER = com.anniina.DailyFallacyTests;
				PRODUCT_NAME = "$(TARGET_NAME)";
				SWIFT_VERSION = 5.0;
				TARGETED_DEVICE_FAMILY = "1,2";
				TEST_HOST = "$(BUILT_PRODUCTS_DIR)/DailyFallacy.app/DailyFallacy";
			};
			name = Release;
		};
		DD372EAA2618AF7A00323B0C /* Debug */ = {
			isa = XCBuildConfiguration;
			buildSettings = {
				ALWAYS_EMBED_SWIFT_STANDARD_LIBRARIES = YES;
				CODE_SIGN_STYLE = Automatic;
				DEVELOPMENT_TEAM = PVDY5Z4W69;
				INFOPLIST_FILE = DailyFallacyUITests/Info.plist;
				LD_RUNPATH_SEARCH_PATHS = (
					"$(inherited)",
					"@executable_path/Frameworks",
					"@loader_path/Frameworks",
				);
				PRODUCT_BUNDLE_IDENTIFIER = com.anniina.DailyFallacyUITests;
				PRODUCT_NAME = "$(TARGET_NAME)";
				SWIFT_VERSION = 5.0;
				TARGETED_DEVICE_FAMILY = "1,2";
				TEST_TARGET_NAME = DailyFallacy;
			};
			name = Debug;
		};
		DD372EAB2618AF7A00323B0C /* Release */ = {
			isa = XCBuildConfiguration;
			buildSettings = {
				ALWAYS_EMBED_SWIFT_STANDARD_LIBRARIES = YES;
				CODE_SIGN_STYLE = Automatic;
				DEVELOPMENT_TEAM = PVDY5Z4W69;
				INFOPLIST_FILE = DailyFallacyUITests/Info.plist;
				LD_RUNPATH_SEARCH_PATHS = (
					"$(inherited)",
					"@executable_path/Frameworks",
					"@loader_path/Frameworks",
				);
				PRODUCT_BUNDLE_IDENTIFIER = com.anniina.DailyFallacyUITests;
				PRODUCT_NAME = "$(TARGET_NAME)";
				SWIFT_VERSION = 5.0;
				TARGETED_DEVICE_FAMILY = "1,2";
				TEST_TARGET_NAME = DailyFallacy;
			};
			name = Release;
		};
/* End XCBuildConfiguration section */

/* Begin XCConfigurationList section */
		DD372E742618AF7700323B0C /* Build configuration list for PBXProject "DailyFallacy" */ = {
			isa = XCConfigurationList;
			buildConfigurations = (
				DD372EA12618AF7A00323B0C /* Debug */,
				DD372EA22618AF7A00323B0C /* Release */,
			);
			defaultConfigurationIsVisible = 0;
			defaultConfigurationName = Release;
		};
		DD372EA32618AF7A00323B0C /* Build configuration list for PBXNativeTarget "DailyFallacy" */ = {
			isa = XCConfigurationList;
			buildConfigurations = (
				DD372EA42618AF7A00323B0C /* Debug */,
				DD372EA52618AF7A00323B0C /* Release */,
			);
			defaultConfigurationIsVisible = 0;
			defaultConfigurationName = Release;
		};
		DD372EA62618AF7A00323B0C /* Build configuration list for PBXNativeTarget "DailyFallacyTests" */ = {
			isa = XCConfigurationList;
			buildConfigurations = (
				DD372EA72618AF7A00323B0C /* Debug */,
				DD372EA82618AF7A00323B0C /* Release */,
			);
			defaultConfigurationIsVisible = 0;
			defaultConfigurationName = Release;
		};
		DD372EA92618AF7A00323B0C /* Build configuration list for PBXNativeTarget "DailyFallacyUITests" */ = {
			isa = XCConfigurationList;
			buildConfigurations = (
				DD372EAA2618AF7A00323B0C /* Debug */,
				DD372EAB2618AF7A00323B0C /* Release */,
			);
			defaultConfigurationIsVisible = 0;
			defaultConfigurationName = Release;
		};
/* End XCConfigurationList section */
	};
	rootObject = DD372E712618AF7700323B0C /* Project object */;
}
